// !$*UTF8*$!
{
	archiveVersion = 1;
	classes = {
	};
	objectVersion = 77;
	objects = {

/* Begin PBXBuildFile section */
		010E6E3C6C9E158948903509 /* IndexUpdating.swift in Sources */ = {isa = PBXBuildFile; fileRef = A21B7287ADA02B5AC0843A1F /* IndexUpdating.swift */; };
		02C353EC235EC501EC4EDB2F /* MailSourceIDTests.swift in Sources */ = {isa = PBXBuildFile; fileRef = 6D69B00F4CB53524E0370D85 /* MailSourceIDTests.swift */; };
		07973F9636061403AFE12050 /* MailStore.framework in Embed Frameworks */ = {isa = PBXBuildFile; fileRef = 901A863964E54353B610B7C0 /* MailStore.framework */; settings = {ATTRIBUTES = (CodeSignOnCopy, RemoveHeadersOnCopy, ); }; };
		0FE82B29B41F840FC45E43C7 /* MailStore.framework in Embed Frameworks */ = {isa = PBXBuildFile; fileRef = 901A863964E54353B610B7C0 /* MailStore.framework */; settings = {ATTRIBUTES = (CodeSignOnCopy, RemoveHeadersOnCopy, ); }; };
		13771BED0D84BBCA0EA39A67 /* MailStore.framework in Frameworks */ = {isa = PBXBuildFile; fileRef = 901A863964E54353B610B7C0 /* MailStore.framework */; };
		1573478E39DB506C19875AE8 /* MailLibraryAccess.swift in Sources */ = {isa = PBXBuildFile; fileRef = 815D87541071517935ECCA01 /* MailLibraryAccess.swift */; };
		16039F6CC83DA36012B97DCB /* CompanionFixture.swift in Sources */ = {isa = PBXBuildFile; fileRef = 9BD769090806F0A641969B4D /* CompanionFixture.swift */; };
		1DE5DA69EEA5A59D2D3A6272 /* Pairing.swift in Sources */ = {isa = PBXBuildFile; fileRef = 20B0BC892630583E6155EB36 /* Pairing.swift */; };
		21629E10E42E380734295197 /* MailStore.swift in Sources */ = {isa = PBXBuildFile; fileRef = 0494EF0811DFF9341CED4AE3 /* MailStore.swift */; };
		233F0C18D28C460D756D9CFC /* GrantGateTests.swift in Sources */ = {isa = PBXBuildFile; fileRef = 3ABE76A4AD61FA50F38E3CAD /* GrantGateTests.swift */; };
		25CE3CA30C18FBF884AB9705 /* AccessLogView.swift in Sources */ = {isa = PBXBuildFile; fileRef = 3458D17127D37E2B2B2A08D4 /* AccessLogView.swift */; };
		282D6FFA46C18C58C3878014 /* ReadAPI.swift in Sources */ = {isa = PBXBuildFile; fileRef = C2F004EF060971BC18270103 /* ReadAPI.swift */; };
		293779A26AB1BC2F6EDAACA9 /* AuditLogTests.swift in Sources */ = {isa = PBXBuildFile; fileRef = D148D69F39BF09DF9CF97C8B /* AuditLogTests.swift */; };
		2F4FE3368AA28992C7B23BBA /* MailStore.framework in Frameworks */ = {isa = PBXBuildFile; fileRef = 901A863964E54353B610B7C0 /* MailStore.framework */; };
		2F5324489BAA27248291B03D /* MailboxIndex.swift in Sources */ = {isa = PBXBuildFile; fileRef = 324901A35D4D5FA91E03ECFC /* MailboxIndex.swift */; };
		4AB5F45311A9606170AE3178 /* PairingTests.swift in Sources */ = {isa = PBXBuildFile; fileRef = 2CAE083ABE494A3B286F5BBF /* PairingTests.swift */; };
		55575CABF1EC133BB7ED206E /* AgentBridge.swift in Sources */ = {isa = PBXBuildFile; fileRef = C9C4C0E6BD1754AB12EAD282 /* AgentBridge.swift */; };
		642A9E23A38921BC1CFFA9EB /* DraftLedgerTests.swift in Sources */ = {isa = PBXBuildFile; fileRef = 4EDCE57CEB481592E3F617EE /* DraftLedgerTests.swift */; };
		6BF64A5F65C523851F1E69D9 /* LoopbackHTTPListenerTests.swift in Sources */ = {isa = PBXBuildFile; fileRef = DC735B77CC1CF2089A7F7A3B /* LoopbackHTTPListenerTests.swift */; };
		6D75981E32F7010F41555A10 /* MailSourceControlling.swift in Sources */ = {isa = PBXBuildFile; fileRef = D49DFE3885C6B890880A2A74 /* MailSourceControlling.swift */; };
		6F96A306E5E77F0D71F9E22F /* MenuBarIconPulseTests.swift in Sources */ = {isa = PBXBuildFile; fileRef = 95AD375037F9E0F42CCCE20B /* MenuBarIconPulseTests.swift */; };
		71368AF93A2394F22B059654 /* LoopbackMCPServerTests.swift in Sources */ = {isa = PBXBuildFile; fileRef = 181E9FFF39C7415ADF2366C5 /* LoopbackMCPServerTests.swift */; };
		73ADAE58F64F12D0081594BC /* Assets.xcassets in Resources */ = {isa = PBXBuildFile; fileRef = 3095DC18600D385E203F8310 /* Assets.xcassets */; };
		769F8669604A6804F145BD84 /* GrantDeskView.swift in Sources */ = {isa = PBXBuildFile; fileRef = BBAE3783C673903DFB7BDEAF /* GrantDeskView.swift */; };
		7F978BC4895EA5D651A624A1 /* MailAddressPartsTests.swift in Sources */ = {isa = PBXBuildFile; fileRef = 025830C9CA5995BC5E28B733 /* MailAddressPartsTests.swift */; };
		8EE07415CA516522A9387635 /* MailboxIndexTests.swift in Sources */ = {isa = PBXBuildFile; fileRef = A130C2141FC978EE3E739149 /* MailboxIndexTests.swift */; };
		8FCB79BE0D4E3C7B824931C2 /* MailStoreTests.swift in Sources */ = {isa = PBXBuildFile; fileRef = 64A6DFFC17F55A3C09E8F42F /* MailStoreTests.swift */; };
		95048FE1C282B55B991FB796 /* AuditLog.swift in Sources */ = {isa = PBXBuildFile; fileRef = CB1AFCF3E8F6D950BF92F5A2 /* AuditLog.swift */; };
		A290E6CE0EFA3A08B876DE5F /* LoopbackHTTPListener.swift in Sources */ = {isa = PBXBuildFile; fileRef = A7DDF0FCE7FBAF23584F2ADC /* LoopbackHTTPListener.swift */; };
		A4EA13775428F2E3541F9FC3 /* DraftLedger.swift in Sources */ = {isa = PBXBuildFile; fileRef = 528FD978FC082F82F2816CBD /* DraftLedger.swift */; };
		A68BB082B9C58CE8CF977A72 /* CompanionWindow.swift in Sources */ = {isa = PBXBuildFile; fileRef = F17049D8016849D2AC6897A7 /* CompanionWindow.swift */; };
		AD7984854C2D208FE3FD31EB /* AppKit.framework in Frameworks */ = {isa = PBXBuildFile; fileRef = FD2BE993542F41B69F61935A /* AppKit.framework */; };
		AEF71C91C5910871BC3F8F5B /* RootView.swift in Sources */ = {isa = PBXBuildFile; fileRef = D46E33C5C81175285853B22F /* RootView.swift */; };
		B72BD93069E35D69291A346F /* AgentReadAPITests.swift in Sources */ = {isa = PBXBuildFile; fileRef = 4E926E6F6C4F992FC732F05A /* AgentReadAPITests.swift */; };
		B9E6DCEA0A6B4A01253DE300 /* AccessLogFormatTests.swift in Sources */ = {isa = PBXBuildFile; fileRef = D54AAD95EB9AF00C859818E0 /* AccessLogFormatTests.swift */; };
		BD0E9A2F6FA8AEF1D4874EF9 /* ReadAPITests.swift in Sources */ = {isa = PBXBuildFile; fileRef = B797690ED8A0EBFAA89EAF9D /* ReadAPITests.swift */; };
		C0188CC8CD8EC3134C07EED7 /* MailGentPreferences.swift in Sources */ = {isa = PBXBuildFile; fileRef = 5C26C62157AAF64661A97F30 /* MailGentPreferences.swift */; };
		C0CBA840E379580044926FD5 /* MailGentApp.swift in Sources */ = {isa = PBXBuildFile; fileRef = 23A64C89D4B9A7AC15E7D1F0 /* MailGentApp.swift */; };
		C9A6961CFF589066E3C6AAB5 /* MailGentLog.swift in Sources */ = {isa = PBXBuildFile; fileRef = C75F2A82AE11253A13A02AA7 /* MailGentLog.swift */; };
		D18A6F9F67CC4F3430E74D23 /* CompanionBits.swift in Sources */ = {isa = PBXBuildFile; fileRef = 55FA154D45D5CE917C4FFF9B /* CompanionBits.swift */; };
		D29AD02C96DD33FF1721BF00 /* AuditJSON.swift in Sources */ = {isa = PBXBuildFile; fileRef = 8394F3D98D329AFA7D9F2170 /* AuditJSON.swift */; };
		D86CC75F0A31E72D4B46A3E3 /* MenuBarStatus.swift in Sources */ = {isa = PBXBuildFile; fileRef = 648AC073DE4FD69431D88DED /* MenuBarStatus.swift */; };
		DA5906F5786FBAF94D685572 /* MailAccountIdentity.swift in Sources */ = {isa = PBXBuildFile; fileRef = B2D934E3CB26D68565D5D5BC /* MailAccountIdentity.swift */; };
		DBCA1E957A8A79E29D7A5127 /* MenuBarIcon.swift in Sources */ = {isa = PBXBuildFile; fileRef = 5B696811F36B2E8C871C72DD /* MenuBarIcon.swift */; };
		DD1F80AE5991797E4FAB7A9D /* MailIndexWorker.swift in Sources */ = {isa = PBXBuildFile; fileRef = 1178A79BA573EF9F021FCAA2 /* MailIndexWorker.swift */; };
		DE79955A8BF5D44603961455 /* CompanionSession.swift in Sources */ = {isa = PBXBuildFile; fileRef = C26E596BC3082684F009221C /* CompanionSession.swift */; };
		DF965FDAB5E9A8237D6ACC56 /* GrantGate.swift in Sources */ = {isa = PBXBuildFile; fileRef = 071729EDED56C3E0C38CCCA6 /* GrantGate.swift */; };
		E23BD62991A7F29E5F665642 /* MailLibraryAccessTests.swift in Sources */ = {isa = PBXBuildFile; fileRef = 4300DC2F8E91835ED58CC47B /* MailLibraryAccessTests.swift */; };
		E68C204CCBE51F19C7846D13 /* FixtureTree.swift in Sources */ = {isa = PBXBuildFile; fileRef = 2457AEC9E2F68ACD495BFB1E /* FixtureTree.swift */; };
		E9D122DE8DEEAD5DCCC76B8D /* MailGentSettingsView.swift in Sources */ = {isa = PBXBuildFile; fileRef = B96CF1287F2250FC130ADFF2 /* MailGentSettingsView.swift */; };
		E9F71B5A946806FA35D7D01F /* IngestPassCopyTests.swift in Sources */ = {isa = PBXBuildFile; fileRef = 26146BC39A13A78001DB95CC /* IngestPassCopyTests.swift */; };
		F1036185EA7E3B1DBF78D877 /* MenuBarIconAppearanceTests.swift in Sources */ = {isa = PBXBuildFile; fileRef = E2B51DCEADC842920CCD3614 /* MenuBarIconAppearanceTests.swift */; };
		F286C9F1EEF1CCBE2F12CBD9 /* AgentReadAPI.swift in Sources */ = {isa = PBXBuildFile; fileRef = 4AC12DE84FE059C771B0C5CB /* AgentReadAPI.swift */; };
		F6139A27BC077F85DA7A127D /* LoopbackMCPServer.swift in Sources */ = {isa = PBXBuildFile; fileRef = 5AF627201D28B0D28492127F /* LoopbackMCPServer.swift */; };
		F6D6220F9DBF28497533287D /* AccountIdentityPrototype.swift in Sources */ = {isa = PBXBuildFile; fileRef = 9C67DBE07135F0EF7C2CD87B /* AccountIdentityPrototype.swift */; };
		FA7235AA34AF51978124BDCB /* MailStore.framework in Frameworks */ = {isa = PBXBuildFile; fileRef = 901A863964E54353B610B7C0 /* MailStore.framework */; };
/* End PBXBuildFile section */

/* Begin PBXContainerItemProxy section */
		45C2A0BB940C1F260148FFC6 /* PBXContainerItemProxy */ = {
			isa = PBXContainerItemProxy;
			containerPortal = C44C0CEA5E9E09D381DF4BB6 /* Project object */;
			proxyType = 1;
			remoteGlobalIDString = 0435D1E5DE65171075DE0221;
			remoteInfo = MailStore;
		};
		6701E9E546ACE52920629B97 /* PBXContainerItemProxy */ = {
			isa = PBXContainerItemProxy;
			containerPortal = C44C0CEA5E9E09D381DF4BB6 /* Project object */;
			proxyType = 1;
			remoteGlobalIDString = 0435D1E5DE65171075DE0221;
			remoteInfo = MailStore;
		};
		EBADA36454CEA2C6ED58ACA2 /* PBXContainerItemProxy */ = {
			isa = PBXContainerItemProxy;
			containerPortal = C44C0CEA5E9E09D381DF4BB6 /* Project object */;
			proxyType = 1;
			remoteGlobalIDString = 7C292B6B4B10BDF22A120262;
			remoteInfo = MailGent;
		};
		FBB8227D2288E192D2951EAC /* PBXContainerItemProxy */ = {
			isa = PBXContainerItemProxy;
			containerPortal = C44C0CEA5E9E09D381DF4BB6 /* Project object */;
			proxyType = 1;
			remoteGlobalIDString = 0435D1E5DE65171075DE0221;
			remoteInfo = MailStore;
		};
/* End PBXContainerItemProxy section */

/* Begin PBXCopyFilesBuildPhase section */
		12D08EE3CC7F04F5C83CF81D /* Embed Frameworks */ = {
			isa = PBXCopyFilesBuildPhase;
			buildActionMask = 2147483647;
			dstPath = "";
			dstSubfolderSpec = 10;
			files = (
				0FE82B29B41F840FC45E43C7 /* MailStore.framework in Embed Frameworks */,
			);
			name = "Embed Frameworks";
			runOnlyForDeploymentPostprocessing = 0;
		};
		2F4521C86F42B02209425414 /* Embed Frameworks */ = {
			isa = PBXCopyFilesBuildPhase;
			buildActionMask = 2147483647;
			dstPath = "";
			dstSubfolderSpec = 10;
			files = (
				07973F9636061403AFE12050 /* MailStore.framework in Embed Frameworks */,
			);
			name = "Embed Frameworks";
			runOnlyForDeploymentPostprocessing = 0;
		};
/* End PBXCopyFilesBuildPhase section */

/* Begin PBXFileReference section */
		025830C9CA5995BC5E28B733 /* MailAddressPartsTests.swift */ = {isa = PBXFileReference; lastKnownFileType = sourcecode.swift; path = MailAddressPartsTests.swift; sourceTree = "<group>"; };
		0494EF0811DFF9341CED4AE3 /* MailStore.swift */ = {isa = PBXFileReference; lastKnownFileType = sourcecode.swift; path = MailStore.swift; sourceTree = "<group>"; };
		071729EDED56C3E0C38CCCA6 /* GrantGate.swift */ = {isa = PBXFileReference; lastKnownFileType = sourcecode.swift; path = GrantGate.swift; sourceTree = "<group>"; };
		1178A79BA573EF9F021FCAA2 /* MailIndexWorker.swift */ = {isa = PBXFileReference; lastKnownFileType = sourcecode.swift; path = MailIndexWorker.swift; sourceTree = "<group>"; };
		181E9FFF39C7415ADF2366C5 /* LoopbackMCPServerTests.swift */ = {isa = PBXFileReference; lastKnownFileType = sourcecode.swift; path = LoopbackMCPServerTests.swift; sourceTree = "<group>"; };
		20B0BC892630583E6155EB36 /* Pairing.swift */ = {isa = PBXFileReference; lastKnownFileType = sourcecode.swift; path = Pairing.swift; sourceTree = "<group>"; };
		23A64C89D4B9A7AC15E7D1F0 /* MailGentApp.swift */ = {isa = PBXFileReference; lastKnownFileType = sourcecode.swift; path = MailGentApp.swift; sourceTree = "<group>"; };
		2457AEC9E2F68ACD495BFB1E /* FixtureTree.swift */ = {isa = PBXFileReference; lastKnownFileType = sourcecode.swift; path = FixtureTree.swift; sourceTree = "<group>"; };
		26146BC39A13A78001DB95CC /* IngestPassCopyTests.swift */ = {isa = PBXFileReference; lastKnownFileType = sourcecode.swift; path = IngestPassCopyTests.swift; sourceTree = "<group>"; };
		2CAE083ABE494A3B286F5BBF /* PairingTests.swift */ = {isa = PBXFileReference; lastKnownFileType = sourcecode.swift; path = PairingTests.swift; sourceTree = "<group>"; };
		3095DC18600D385E203F8310 /* Assets.xcassets */ = {isa = PBXFileReference; lastKnownFileType = folder.assetcatalog; path = Assets.xcassets; sourceTree = "<group>"; };
		324901A35D4D5FA91E03ECFC /* MailboxIndex.swift */ = {isa = PBXFileReference; lastKnownFileType = sourcecode.swift; path = MailboxIndex.swift; sourceTree = "<group>"; };
		3458D17127D37E2B2B2A08D4 /* AccessLogView.swift */ = {isa = PBXFileReference; lastKnownFileType = sourcecode.swift; path = AccessLogView.swift; sourceTree = "<group>"; };
		3ABE76A4AD61FA50F38E3CAD /* GrantGateTests.swift */ = {isa = PBXFileReference; lastKnownFileType = sourcecode.swift; path = GrantGateTests.swift; sourceTree = "<group>"; };
		4300DC2F8E91835ED58CC47B /* MailLibraryAccessTests.swift */ = {isa = PBXFileReference; lastKnownFileType = sourcecode.swift; path = MailLibraryAccessTests.swift; sourceTree = "<group>"; };
		4AC12DE84FE059C771B0C5CB /* AgentReadAPI.swift */ = {isa = PBXFileReference; lastKnownFileType = sourcecode.swift; path = AgentReadAPI.swift; sourceTree = "<group>"; };
		4D4FE71A2E9E5ADD630382FC /* MailGent.entitlements */ = {isa = PBXFileReference; lastKnownFileType = text.plist.entitlements; path = MailGent.entitlements; sourceTree = "<group>"; };
		4E926E6F6C4F992FC732F05A /* AgentReadAPITests.swift */ = {isa = PBXFileReference; lastKnownFileType = sourcecode.swift; path = AgentReadAPITests.swift; sourceTree = "<group>"; };
		4EDCE57CEB481592E3F617EE /* DraftLedgerTests.swift */ = {isa = PBXFileReference; lastKnownFileType = sourcecode.swift; path = DraftLedgerTests.swift; sourceTree = "<group>"; };
		528FD978FC082F82F2816CBD /* DraftLedger.swift */ = {isa = PBXFileReference; lastKnownFileType = sourcecode.swift; path = DraftLedger.swift; sourceTree = "<group>"; };
		55FA154D45D5CE917C4FFF9B /* CompanionBits.swift */ = {isa = PBXFileReference; lastKnownFileType = sourcecode.swift; path = CompanionBits.swift; sourceTree = "<group>"; };
		5AF627201D28B0D28492127F /* LoopbackMCPServer.swift */ = {isa = PBXFileReference; lastKnownFileType = sourcecode.swift; path = LoopbackMCPServer.swift; sourceTree = "<group>"; };
		5B696811F36B2E8C871C72DD /* MenuBarIcon.swift */ = {isa = PBXFileReference; lastKnownFileType = sourcecode.swift; path = MenuBarIcon.swift; sourceTree = "<group>"; };
		5C26C62157AAF64661A97F30 /* MailGentPreferences.swift */ = {isa = PBXFileReference; lastKnownFileType = sourcecode.swift; path = MailGentPreferences.swift; sourceTree = "<group>"; };
		648AC073DE4FD69431D88DED /* MenuBarStatus.swift */ = {isa = PBXFileReference; lastKnownFileType = sourcecode.swift; path = MenuBarStatus.swift; sourceTree = "<group>"; };
		64A6DFFC17F55A3C09E8F42F /* MailStoreTests.swift */ = {isa = PBXFileReference; lastKnownFileType = sourcecode.swift; path = MailStoreTests.swift; sourceTree = "<group>"; };
		6D69B00F4CB53524E0370D85 /* MailSourceIDTests.swift */ = {isa = PBXFileReference; lastKnownFileType = sourcecode.swift; path = MailSourceIDTests.swift; sourceTree = "<group>"; };
		738EC54BEBF392C6FDDFFEA0 /* MailGentTests.xctest */ = {isa = PBXFileReference; explicitFileType = wrapper.cfbundle; includeInIndex = 0; path = MailGentTests.xctest; sourceTree = BUILT_PRODUCTS_DIR; };
		778B721780C50949015C932F /* AccountIdentityPrototype */ = {isa = PBXFileReference; includeInIndex = 0; path = AccountIdentityPrototype; sourceTree = BUILT_PRODUCTS_DIR; };
		815D87541071517935ECCA01 /* MailLibraryAccess.swift */ = {isa = PBXFileReference; lastKnownFileType = sourcecode.swift; path = MailLibraryAccess.swift; sourceTree = "<group>"; };
		8394F3D98D329AFA7D9F2170 /* AuditJSON.swift */ = {isa = PBXFileReference; lastKnownFileType = sourcecode.swift; path = AuditJSON.swift; sourceTree = "<group>"; };
		89C27982E6EEAFA280B25066 /* MailStoreTests.xctest */ = {isa = PBXFileReference; explicitFileType = wrapper.cfbundle; includeInIndex = 0; path = MailStoreTests.xctest; sourceTree = BUILT_PRODUCTS_DIR; };
		901A863964E54353B610B7C0 /* MailStore.framework */ = {isa = PBXFileReference; explicitFileType = wrapper.framework; includeInIndex = 0; path = MailStore.framework; sourceTree = BUILT_PRODUCTS_DIR; };
		95AD375037F9E0F42CCCE20B /* MenuBarIconPulseTests.swift */ = {isa = PBXFileReference; lastKnownFileType = sourcecode.swift; path = MenuBarIconPulseTests.swift; sourceTree = "<group>"; };
		9BD769090806F0A641969B4D /* CompanionFixture.swift */ = {isa = PBXFileReference; lastKnownFileType = sourcecode.swift; path = CompanionFixture.swift; sourceTree = "<group>"; };
		9C67DBE07135F0EF7C2CD87B /* AccountIdentityPrototype.swift */ = {isa = PBXFileReference; lastKnownFileType = sourcecode.swift; path = AccountIdentityPrototype.swift; sourceTree = "<group>"; };
		A130C2141FC978EE3E739149 /* MailboxIndexTests.swift */ = {isa = PBXFileReference; lastKnownFileType = sourcecode.swift; path = MailboxIndexTests.swift; sourceTree = "<group>"; };
		A21B7287ADA02B5AC0843A1F /* IndexUpdating.swift */ = {isa = PBXFileReference; lastKnownFileType = sourcecode.swift; path = IndexUpdating.swift; sourceTree = "<group>"; };
		A7DDF0FCE7FBAF23584F2ADC /* LoopbackHTTPListener.swift */ = {isa = PBXFileReference; lastKnownFileType = sourcecode.swift; path = LoopbackHTTPListener.swift; sourceTree = "<group>"; };
		B2D934E3CB26D68565D5D5BC /* MailAccountIdentity.swift */ = {isa = PBXFileReference; lastKnownFileType = sourcecode.swift; path = MailAccountIdentity.swift; sourceTree = "<group>"; };
		B51E76726BD4BE2DD190F0CA /* MailGent.app */ = {isa = PBXFileReference; explicitFileType = wrapper.application; includeInIndex = 0; path = MailGent.app; sourceTree = BUILT_PRODUCTS_DIR; };
		B797690ED8A0EBFAA89EAF9D /* ReadAPITests.swift */ = {isa = PBXFileReference; lastKnownFileType = sourcecode.swift; path = ReadAPITests.swift; sourceTree = "<group>"; };
		B96CF1287F2250FC130ADFF2 /* MailGentSettingsView.swift */ = {isa = PBXFileReference; lastKnownFileType = sourcecode.swift; path = MailGentSettingsView.swift; sourceTree = "<group>"; };
		BBAE3783C673903DFB7BDEAF /* GrantDeskView.swift */ = {isa = PBXFileReference; lastKnownFileType = sourcecode.swift; path = GrantDeskView.swift; sourceTree = "<group>"; };
		C26E596BC3082684F009221C /* CompanionSession.swift */ = {isa = PBXFileReference; lastKnownFileType = sourcecode.swift; path = CompanionSession.swift; sourceTree = "<group>"; };
		C2F004EF060971BC18270103 /* ReadAPI.swift */ = {isa = PBXFileReference; lastKnownFileType = sourcecode.swift; path = ReadAPI.swift; sourceTree = "<group>"; };
		C75F2A82AE11253A13A02AA7 /* MailGentLog.swift */ = {isa = PBXFileReference; lastKnownFileType = sourcecode.swift; path = MailGentLog.swift; sourceTree = "<group>"; };
		C9C4C0E6BD1754AB12EAD282 /* AgentBridge.swift */ = {isa = PBXFileReference; lastKnownFileType = sourcecode.swift; path = AgentBridge.swift; sourceTree = "<group>"; };
		CB1AFCF3E8F6D950BF92F5A2 /* AuditLog.swift */ = {isa = PBXFileReference; lastKnownFileType = sourcecode.swift; path = AuditLog.swift; sourceTree = "<group>"; };
		D148D69F39BF09DF9CF97C8B /* AuditLogTests.swift */ = {isa = PBXFileReference; lastKnownFileType = sourcecode.swift; path = AuditLogTests.swift; sourceTree = "<group>"; };
		D46E33C5C81175285853B22F /* RootView.swift */ = {isa = PBXFileReference; lastKnownFileType = sourcecode.swift; path = RootView.swift; sourceTree = "<group>"; };
		D49DFE3885C6B890880A2A74 /* MailSourceControlling.swift */ = {isa = PBXFileReference; lastKnownFileType = sourcecode.swift; path = MailSourceControlling.swift; sourceTree = "<group>"; };
		D54AAD95EB9AF00C859818E0 /* AccessLogFormatTests.swift */ = {isa = PBXFileReference; lastKnownFileType = sourcecode.swift; path = AccessLogFormatTests.swift; sourceTree = "<group>"; };
		DC735B77CC1CF2089A7F7A3B /* LoopbackHTTPListenerTests.swift */ = {isa = PBXFileReference; lastKnownFileType = sourcecode.swift; path = LoopbackHTTPListenerTests.swift; sourceTree = "<group>"; };
		E2B51DCEADC842920CCD3614 /* MenuBarIconAppearanceTests.swift */ = {isa = PBXFileReference; lastKnownFileType = sourcecode.swift; path = MenuBarIconAppearanceTests.swift; sourceTree = "<group>"; };
		F17049D8016849D2AC6897A7 /* CompanionWindow.swift */ = {isa = PBXFileReference; lastKnownFileType = sourcecode.swift; path = CompanionWindow.swift; sourceTree = "<group>"; };
		FD2BE993542F41B69F61935A /* AppKit.framework */ = {isa = PBXFileReference; lastKnownFileType = wrapper.framework; name = AppKit.framework; path = System/Library/Frameworks/AppKit.framework; sourceTree = SDKROOT; };
/* End PBXFileReference section */

/* Begin PBXFrameworksBuildPhase section */
		0CF23EA1C68EB9AE7F2747FD /* Frameworks */ = {
			isa = PBXFrameworksBuildPhase;
			buildActionMask = 2147483647;
			files = (
				13771BED0D84BBCA0EA39A67 /* MailStore.framework in Frameworks */,
			);
			runOnlyForDeploymentPostprocessing = 0;
		};
		1CB273EEDD130D9A7C1FE1A5 /* Frameworks */ = {
			isa = PBXFrameworksBuildPhase;
			buildActionMask = 2147483647;
			files = (
				2F4FE3368AA28992C7B23BBA /* MailStore.framework in Frameworks */,
				AD7984854C2D208FE3FD31EB /* AppKit.framework in Frameworks */,
			);
			runOnlyForDeploymentPostprocessing = 0;
		};
		ACCEF24BCCBD44505A105412 /* Frameworks */ = {
			isa = PBXFrameworksBuildPhase;
			buildActionMask = 2147483647;
			files = (
				FA7235AA34AF51978124BDCB /* MailStore.framework in Frameworks */,
			);
			runOnlyForDeploymentPostprocessing = 0;
		};
/* End PBXFrameworksBuildPhase section */

/* Begin PBXGroup section */
		22AB82005DF8283886055BF7 /* Sources */ = {
			isa = PBXGroup;
			children = (
				4AC12DE84FE059C771B0C5CB /* AgentReadAPI.swift */,
				8394F3D98D329AFA7D9F2170 /* AuditJSON.swift */,
				CB1AFCF3E8F6D950BF92F5A2 /* AuditLog.swift */,
				528FD978FC082F82F2816CBD /* DraftLedger.swift */,
				071729EDED56C3E0C38CCCA6 /* GrantGate.swift */,
				A21B7287ADA02B5AC0843A1F /* IndexUpdating.swift */,
				A7DDF0FCE7FBAF23584F2ADC /* LoopbackHTTPListener.swift */,
				5AF627201D28B0D28492127F /* LoopbackMCPServer.swift */,
				B2D934E3CB26D68565D5D5BC /* MailAccountIdentity.swift */,
				324901A35D4D5FA91E03ECFC /* MailboxIndex.swift */,
				D49DFE3885C6B890880A2A74 /* MailSourceControlling.swift */,
				0494EF0811DFF9341CED4AE3 /* MailStore.swift */,
				20B0BC892630583E6155EB36 /* Pairing.swift */,
				C2F004EF060971BC18270103 /* ReadAPI.swift */,
			);
			path = Sources;
			sourceTree = "<group>";
		};
		35F140A0C7E3E78AC023523C /* Products */ = {
			isa = PBXGroup;
			children = (
				778B721780C50949015C932F /* AccountIdentityPrototype */,
				B51E76726BD4BE2DD190F0CA /* MailGent.app */,
				738EC54BEBF392C6FDDFFEA0 /* MailGentTests.xctest */,
				901A863964E54353B610B7C0 /* MailStore.framework */,
				89C27982E6EEAFA280B25066 /* MailStoreTests.xctest */,
			);
			name = Products;
			sourceTree = "<group>";
		};
		3C5E2D48D51E67AD24E474B7 = {
			isa = PBXGroup;
			children = (
				84AD2FC5AAC7FB479E4FAEC0 /* MailGent */,
				B08DCDF67BA344FA6439CE8E /* MailGentTests */,
				686640842B223DA6FFA4D3CC /* MailStore */,
				92BA2DF401791EE7D9BBD5C3 /* Frameworks */,
				35F140A0C7E3E78AC023523C /* Products */,
			);
			sourceTree = "<group>";
		};
		420F4B1695E864D2083987E4 /* Prototype */ = {
			isa = PBXGroup;
			children = (
				9C67DBE07135F0EF7C2CD87B /* AccountIdentityPrototype.swift */,
			);
			path = Prototype;
			sourceTree = "<group>";
		};
		686640842B223DA6FFA4D3CC /* MailStore */ = {
			isa = PBXGroup;
			children = (
				420F4B1695E864D2083987E4 /* Prototype */,
				22AB82005DF8283886055BF7 /* Sources */,
				D14F9D2103ED18598B976EDC /* Tests */,
			);
			path = MailStore;
			sourceTree = "<group>";
		};
		84AD2FC5AAC7FB479E4FAEC0 /* MailGent */ = {
			isa = PBXGroup;
			children = (
				3458D17127D37E2B2B2A08D4 /* AccessLogView.swift */,
				C9C4C0E6BD1754AB12EAD282 /* AgentBridge.swift */,
				3095DC18600D385E203F8310 /* Assets.xcassets */,
				55FA154D45D5CE917C4FFF9B /* CompanionBits.swift */,
				9BD769090806F0A641969B4D /* CompanionFixture.swift */,
				C26E596BC3082684F009221C /* CompanionSession.swift */,
				F17049D8016849D2AC6897A7 /* CompanionWindow.swift */,
				BBAE3783C673903DFB7BDEAF /* GrantDeskView.swift */,
				4D4FE71A2E9E5ADD630382FC /* MailGent.entitlements */,
				23A64C89D4B9A7AC15E7D1F0 /* MailGentApp.swift */,
				C75F2A82AE11253A13A02AA7 /* MailGentLog.swift */,
				5C26C62157AAF64661A97F30 /* MailGentPreferences.swift */,
				B96CF1287F2250FC130ADFF2 /* MailGentSettingsView.swift */,
				1178A79BA573EF9F021FCAA2 /* MailIndexWorker.swift */,
				815D87541071517935ECCA01 /* MailLibraryAccess.swift */,
				5B696811F36B2E8C871C72DD /* MenuBarIcon.swift */,
				648AC073DE4FD69431D88DED /* MenuBarStatus.swift */,
				D46E33C5C81175285853B22F /* RootView.swift */,
			);
			path = MailGent;
			sourceTree = "<group>";
		};
		92BA2DF401791EE7D9BBD5C3 /* Frameworks */ = {
			isa = PBXGroup;
			children = (
				FD2BE993542F41B69F61935A /* AppKit.framework */,
			);
			name = Frameworks;
			sourceTree = "<group>";
		};
		B08DCDF67BA344FA6439CE8E /* MailGentTests */ = {
			isa = PBXGroup;
			children = (
				D54AAD95EB9AF00C859818E0 /* AccessLogFormatTests.swift */,
				26146BC39A13A78001DB95CC /* IngestPassCopyTests.swift */,
				025830C9CA5995BC5E28B733 /* MailAddressPartsTests.swift */,
				4300DC2F8E91835ED58CC47B /* MailLibraryAccessTests.swift */,
				E2B51DCEADC842920CCD3614 /* MenuBarIconAppearanceTests.swift */,
				95AD375037F9E0F42CCCE20B /* MenuBarIconPulseTests.swift */,
			);
			path = MailGentTests;
			sourceTree = "<group>";
		};
		D14F9D2103ED18598B976EDC /* Tests */ = {
			isa = PBXGroup;
			children = (
				4E926E6F6C4F992FC732F05A /* AgentReadAPITests.swift */,
				D148D69F39BF09DF9CF97C8B /* AuditLogTests.swift */,
				4EDCE57CEB481592E3F617EE /* DraftLedgerTests.swift */,
				2457AEC9E2F68ACD495BFB1E /* FixtureTree.swift */,
				3ABE76A4AD61FA50F38E3CAD /* GrantGateTests.swift */,
				DC735B77CC1CF2089A7F7A3B /* LoopbackHTTPListenerTests.swift */,
				181E9FFF39C7415ADF2366C5 /* LoopbackMCPServerTests.swift */,
				A130C2141FC978EE3E739149 /* MailboxIndexTests.swift */,
				6D69B00F4CB53524E0370D85 /* MailSourceIDTests.swift */,
				64A6DFFC17F55A3C09E8F42F /* MailStoreTests.swift */,
				2CAE083ABE494A3B286F5BBF /* PairingTests.swift */,
				B797690ED8A0EBFAA89EAF9D /* ReadAPITests.swift */,
			);
			path = Tests;
			sourceTree = "<group>";
		};
/* End PBXGroup section */

/* Begin PBXNativeTarget section */
		0435D1E5DE65171075DE0221 /* MailStore */ = {
			isa = PBXNativeTarget;
			buildConfigurationList = 688420050E4FC75396E76534 /* Build configuration list for PBXNativeTarget "MailStore" */;
			buildPhases = (
				5980187A86B085881B1A3248 /* Sources */,
			);
			buildRules = (
			);
			dependencies = (
			);
			name = MailStore;
			packageProductDependencies = (
			);
			productName = MailStore;
			productReference = 901A863964E54353B610B7C0 /* MailStore.framework */;
			productType = "com.apple.product-type.framework";
		};
		332BA15019888F7DD9E04FF6 /* MailStoreTests */ = {
			isa = PBXNativeTarget;
			buildConfigurationList = 059CD690D97318ACCF229A66 /* Build configuration list for PBXNativeTarget "MailStoreTests" */;
			buildPhases = (
				EAA200D4DE9CA9144C64FE6B /* Sources */,
				0CF23EA1C68EB9AE7F2747FD /* Frameworks */,
				2F4521C86F42B02209425414 /* Embed Frameworks */,
			);
			buildRules = (
			);
			dependencies = (
				77D64F17D3B8863D677D4186 /* PBXTargetDependency */,
			);
			name = MailStoreTests;
			packageProductDependencies = (
			);
			productName = MailStoreTests;
			productReference = 89C27982E6EEAFA280B25066 /* MailStoreTests.xctest */;
			productType = "com.apple.product-type.bundle.unit-test";
		};
		7C292B6B4B10BDF22A120262 /* MailGent */ = {
			isa = PBXNativeTarget;
			buildConfigurationList = 50F98B03DB689270845C993B /* Build configuration list for PBXNativeTarget "MailGent" */;
			buildPhases = (
				3D32E6E922294E6C79650839 /* Sources */,
				BBBD504B0C5989E58983E1AF /* Resources */,
				ACCEF24BCCBD44505A105412 /* Frameworks */,
				12D08EE3CC7F04F5C83CF81D /* Embed Frameworks */,
				5D3203235A689C608FA67424 /* Ensure AppIcon assets */,
			);
			buildRules = (
			);
			dependencies = (
				1786934B2C6CD3BDF7396F3F /* PBXTargetDependency */,
			);
			name = MailGent;
			packageProductDependencies = (
			);
			productName = MailGent;
			productReference = B51E76726BD4BE2DD190F0CA /* MailGent.app */;
			productType = "com.apple.product-type.application";
		};
		7FFA1134A66F78FC1787C563 /* AccountIdentityPrototype */ = {
			isa = PBXNativeTarget;
			buildConfigurationList = E41585C95210BB9CE043812A /* Build configuration list for PBXNativeTarget "AccountIdentityPrototype" */;
			buildPhases = (
				03607517D8D694F160C8B459 /* Sources */,
				1CB273EEDD130D9A7C1FE1A5 /* Frameworks */,
			);
			buildRules = (
			);
			dependencies = (
				551334A2059B0624CD780842 /* PBXTargetDependency */,
			);
			name = AccountIdentityPrototype;
			packageProductDependencies = (
			);
			productName = AccountIdentityPrototype;
			productReference = 778B721780C50949015C932F /* AccountIdentityPrototype */;
			productType = "com.apple.product-type.tool";
		};
		91C909D101D90C5C24353619 /* MailGentTests */ = {
			isa = PBXNativeTarget;
			buildConfigurationList = 587802A6EB7E377C7FFC2A8F /* Build configuration list for PBXNativeTarget "MailGentTests" */;
			buildPhases = (
				5806D33BD2EC8F865145C653 /* Sources */,
			);
			buildRules = (
			);
			dependencies = (
				87354F329B1A7BB0304A6115 /* PBXTargetDependency */,
			);
			name = MailGentTests;
			packageProductDependencies = (
			);
			productName = MailGentTests;
			productReference = 738EC54BEBF392C6FDDFFEA0 /* MailGentTests.xctest */;
			productType = "com.apple.product-type.bundle.unit-test";
		};
/* End PBXNativeTarget section */

/* Begin PBXProject section */
		C44C0CEA5E9E09D381DF4BB6 /* Project object */ = {
			isa = PBXProject;
			attributes = {
				BuildIndependentTargetsInParallel = YES;
				LastUpgradeCheck = 1430;
				TargetAttributes = {
					7C292B6B4B10BDF22A120262 = {
						ProvisioningStyle = Automatic;
					};
				};
			};
			buildConfigurationList = 5611FFE133D7938524F9FA35 /* Build configuration list for PBXProject "MailGent" */;
			developmentRegion = en;
			hasScannedForEncodings = 0;
			knownRegions = (
				Base,
				en,
			);
			mainGroup = 3C5E2D48D51E67AD24E474B7;
			minimizedProjectReferenceProxies = 1;
			preferredProjectObjectVersion = 77;
			productRefGroup = 35F140A0C7E3E78AC023523C /* Products */;
			projectDirPath = "";
			projectRoot = "";
			targets = (
				0435D1E5DE65171075DE0221 /* MailStore */,
				7C292B6B4B10BDF22A120262 /* MailGent */,
				332BA15019888F7DD9E04FF6 /* MailStoreTests */,
				7FFA1134A66F78FC1787C563 /* AccountIdentityPrototype */,
				91C909D101D90C5C24353619 /* MailGentTests */,
			);
		};
/* End PBXProject section */

/* Begin PBXResourcesBuildPhase section */
		BBBD504B0C5989E58983E1AF /* Resources */ = {
			isa = PBXResourcesBuildPhase;
			buildActionMask = 2147483647;
			files = (
				73ADAE58F64F12D0081594BC /* Assets.xcassets in Resources */,
			);
			runOnlyForDeploymentPostprocessing = 0;
		};
/* End PBXResourcesBuildPhase section */

/* Begin PBXShellScriptBuildPhase section */
		5D3203235A689C608FA67424 /* Ensure AppIcon assets */ = {
			isa = PBXShellScriptBuildPhase;
			alwaysOutOfDate = 1;
			buildActionMask = 2147483647;
			files = (
			);
			inputFileListPaths = (
			);
			inputPaths = (
			);
			name = "Ensure AppIcon assets";
			outputFileListPaths = (
			);
			outputPaths = (
			);
			runOnlyForDeploymentPostprocessing = 0;
			shellPath = /bin/sh;
			shellScript = "set -e\nRES=\"${BUILT_PRODUCTS_DIR}/${WRAPPER_NAME}/Contents/Resources\"\nmkdir -p \"$RES\"\ncp -f \"${SRCROOT}/MailGent/Resources/AppIcon.icns\" \"$RES/AppIcon.icns\"\nrm -rf \"$RES/AppIcon.icon\"\ncp -R \"${SRCROOT}/MailGent/Resources/AppIcon.icon\" \"$RES/AppIcon.icon\"\n";
		};
/* End PBXShellScriptBuildPhase section */

/* Begin PBXSourcesBuildPhase section */
		03607517D8D694F160C8B459 /* Sources */ = {
			isa = PBXSourcesBuildPhase;
			buildActionMask = 2147483647;
			files = (
				F6D6220F9DBF28497533287D /* AccountIdentityPrototype.swift in Sources */,
			);
			runOnlyForDeploymentPostprocessing = 0;
		};
		3D32E6E922294E6C79650839 /* Sources */ = {
			isa = PBXSourcesBuildPhase;
			buildActionMask = 2147483647;
			files = (
				25CE3CA30C18FBF884AB9705 /* AccessLogView.swift in Sources */,
				55575CABF1EC133BB7ED206E /* AgentBridge.swift in Sources */,
				D18A6F9F67CC4F3430E74D23 /* CompanionBits.swift in Sources */,
				16039F6CC83DA36012B97DCB /* CompanionFixture.swift in Sources */,
				DE79955A8BF5D44603961455 /* CompanionSession.swift in Sources */,
				A68BB082B9C58CE8CF977A72 /* CompanionWindow.swift in Sources */,
				769F8669604A6804F145BD84 /* GrantDeskView.swift in Sources */,
				C0CBA840E379580044926FD5 /* MailGentApp.swift in Sources */,
				C9A6961CFF589066E3C6AAB5 /* MailGentLog.swift in Sources */,
				C0188CC8CD8EC3134C07EED7 /* MailGentPreferences.swift in Sources */,
				E9D122DE8DEEAD5DCCC76B8D /* MailGentSettingsView.swift in Sources */,
				DD1F80AE5991797E4FAB7A9D /* MailIndexWorker.swift in Sources */,
				1573478E39DB506C19875AE8 /* MailLibraryAccess.swift in Sources */,
				DBCA1E957A8A79E29D7A5127 /* MenuBarIcon.swift in Sources */,
				D86CC75F0A31E72D4B46A3E3 /* MenuBarStatus.swift in Sources */,
				AEF71C91C5910871BC3F8F5B /* RootView.swift in Sources */,
			);
			runOnlyForDeploymentPostprocessing = 0;
		};
		5806D33BD2EC8F865145C653 /* Sources */ = {
			isa = PBXSourcesBuildPhase;
			buildActionMask = 2147483647;
			files = (
				B9E6DCEA0A6B4A01253DE300 /* AccessLogFormatTests.swift in Sources */,
				E9F71B5A946806FA35D7D01F /* IngestPassCopyTests.swift in Sources */,
				7F978BC4895EA5D651A624A1 /* MailAddressPartsTests.swift in Sources */,
				E23BD62991A7F29E5F665642 /* MailLibraryAccessTests.swift in Sources */,
				F1036185EA7E3B1DBF78D877 /* MenuBarIconAppearanceTests.swift in Sources */,
				6F96A306E5E77F0D71F9E22F /* MenuBarIconPulseTests.swift in Sources */,
			);
			runOnlyForDeploymentPostprocessing = 0;
		};
		5980187A86B085881B1A3248 /* Sources */ = {
			isa = PBXSourcesBuildPhase;
			buildActionMask = 2147483647;
			files = (
				F286C9F1EEF1CCBE2F12CBD9 /* AgentReadAPI.swift in Sources */,
				D29AD02C96DD33FF1721BF00 /* AuditJSON.swift in Sources */,
				95048FE1C282B55B991FB796 /* AuditLog.swift in Sources */,
				A4EA13775428F2E3541F9FC3 /* DraftLedger.swift in Sources */,
				DF965FDAB5E9A8237D6ACC56 /* GrantGate.swift in Sources */,
				010E6E3C6C9E158948903509 /* IndexUpdating.swift in Sources */,
				A290E6CE0EFA3A08B876DE5F /* LoopbackHTTPListener.swift in Sources */,
				F6139A27BC077F85DA7A127D /* LoopbackMCPServer.swift in Sources */,
				DA5906F5786FBAF94D685572 /* MailAccountIdentity.swift in Sources */,
				6D75981E32F7010F41555A10 /* MailSourceControlling.swift in Sources */,
				21629E10E42E380734295197 /* MailStore.swift in Sources */,
				2F5324489BAA27248291B03D /* MailboxIndex.swift in Sources */,
				1DE5DA69EEA5A59D2D3A6272 /* Pairing.swift in Sources */,
				282D6FFA46C18C58C3878014 /* ReadAPI.swift in Sources */,
			);
			runOnlyForDeploymentPostprocessing = 0;
		};
		EAA200D4DE9CA9144C64FE6B /* Sources */ = {
			isa = PBXSourcesBuildPhase;
			buildActionMask = 2147483647;
			files = (
				B72BD93069E35D69291A346F /* AgentReadAPITests.swift in Sources */,
				293779A26AB1BC2F6EDAACA9 /* AuditLogTests.swift in Sources */,
				642A9E23A38921BC1CFFA9EB /* DraftLedgerTests.swift in Sources */,
				E68C204CCBE51F19C7846D13 /* FixtureTree.swift in Sources */,
				233F0C18D28C460D756D9CFC /* GrantGateTests.swift in Sources */,
				6BF64A5F65C523851F1E69D9 /* LoopbackHTTPListenerTests.swift in Sources */,
				71368AF93A2394F22B059654 /* LoopbackMCPServerTests.swift in Sources */,
				02C353EC235EC501EC4EDB2F /* MailSourceIDTests.swift in Sources */,
				8FCB79BE0D4E3C7B824931C2 /* MailStoreTests.swift in Sources */,
				8EE07415CA516522A9387635 /* MailboxIndexTests.swift in Sources */,
				4AB5F45311A9606170AE3178 /* PairingTests.swift in Sources */,
				BD0E9A2F6FA8AEF1D4874EF9 /* ReadAPITests.swift in Sources */,
			);
			runOnlyForDeploymentPostprocessing = 0;
		};
/* End PBXSourcesBuildPhase section */

/* Begin PBXTargetDependency section */
		1786934B2C6CD3BDF7396F3F /* PBXTargetDependency */ = {
			isa = PBXTargetDependency;
			target = 0435D1E5DE65171075DE0221 /* MailStore */;
			targetProxy = FBB8227D2288E192D2951EAC /* PBXContainerItemProxy */;
		};
		551334A2059B0624CD780842 /* PBXTargetDependency */ = {
			isa = PBXTargetDependency;
			target = 0435D1E5DE65171075DE0221 /* MailStore */;
			targetProxy = 45C2A0BB940C1F260148FFC6 /* PBXContainerItemProxy */;
		};
		77D64F17D3B8863D677D4186 /* PBXTargetDependency */ = {
			isa = PBXTargetDependency;
			target = 0435D1E5DE65171075DE0221 /* MailStore */;
			targetProxy = 6701E9E546ACE52920629B97 /* PBXContainerItemProxy */;
		};
		87354F329B1A7BB0304A6115 /* PBXTargetDependency */ = {
			isa = PBXTargetDependency;
			target = 7C292B6B4B10BDF22A120262 /* MailGent */;
			targetProxy = EBADA36454CEA2C6ED58ACA2 /* PBXContainerItemProxy */;
		};
/* End PBXTargetDependency section */

/* Begin XCBuildConfiguration section */
		13EB34BDC128CF60A4CBEFA9 /* Release */ = {
			isa = XCBuildConfiguration;
			buildSettings = {
				ALWAYS_SEARCH_USER_PATHS = NO;
				CLANG_ANALYZER_NONNULL = YES;
				CLANG_ANALYZER_NUMBER_OBJECT_CONVERSION = YES_AGGRESSIVE;
				CLANG_CXX_LANGUAGE_STANDARD = "gnu++14";
				CLANG_CXX_LIBRARY = "libc++";
				CLANG_ENABLE_MODULES = YES;
				CLANG_ENABLE_OBJC_ARC = YES;
				CLANG_ENABLE_OBJC_WEAK = YES;
				CLANG_WARN_BLOCK_CAPTURE_AUTORELEASING = YES;
				CLANG_WARN_BOOL_CONVERSION = YES;
				CLANG_WARN_COMMA = YES;
				CLANG_WARN_CONSTANT_CONVERSION = YES;
				CLANG_WARN_DEPRECATED_OBJC_IMPLEMENTATIONS = YES;
				CLANG_WARN_DIRECT_OBJC_ISA_USAGE = YES_ERROR;
				CLANG_WARN_DOCUMENTATION_COMMENTS = YES;
				CLANG_WARN_EMPTY_BODY = YES;
				CLANG_WARN_ENUM_CONVERSION = YES;
				CLANG_WARN_INFINITE_RECURSION = YES;
				CLANG_WARN_INT_CONVERSION = YES;
				CLANG_WARN_NON_LITERAL_NULL_CONVERSION = YES;
				CLANG_WARN_OBJC_IMPLICIT_RETAIN_SELF = YES;
				CLANG_WARN_OBJC_LITERAL_CONVERSION = YES;
				CLANG_WARN_OBJC_ROOT_CLASS = YES_ERROR;
				CLANG_WARN_QUOTED_INCLUDE_IN_FRAMEWORK_HEADER = YES;
				CLANG_WARN_RANGE_LOOP_ANALYSIS = YES;
				CLANG_WARN_STRICT_PROTOTYPES = YES;
				CLANG_WARN_SUSPICIOUS_MOVE = YES;
				CLANG_WARN_UNGUARDED_AVAILABILITY = YES_AGGRESSIVE;
				CLANG_WARN_UNREACHABLE_CODE = YES;
				CLANG_WARN__DUPLICATE_METHOD_MATCH = YES;
				COPY_PHASE_STRIP = NO;
				DEBUG_INFORMATION_FORMAT = "dwarf-with-dsym";
				ENABLE_NS_ASSERTIONS = NO;
				ENABLE_STRICT_OBJC_MSGSEND = YES;
				ENABLE_USER_SCRIPT_SANDBOXING = NO;
				GCC_C_LANGUAGE_STANDARD = gnu11;
				GCC_NO_COMMON_BLOCKS = YES;
				GCC_WARN_64_TO_32_BIT_CONVERSION = YES;
				GCC_WARN_ABOUT_RETURN_TYPE = YES_ERROR;
				GCC_WARN_UNDECLARED_SELECTOR = YES;
				GCC_WARN_UNINITIALIZED_AUTOS = YES_AGGRESSIVE;
				GCC_WARN_UNUSED_FUNCTION = YES;
				GCC_WARN_UNUSED_VARIABLE = YES;
				MACOSX_DEPLOYMENT_TARGET = 14.0;
				MTL_ENABLE_DEBUG_INFO = NO;
				MTL_FAST_MATH = YES;
				PRODUCT_NAME = "$(TARGET_NAME)";
				SDKROOT = macosx;
				SWIFT_COMPILATION_MODE = wholemodule;
				SWIFT_OPTIMIZATION_LEVEL = "-O";
				SWIFT_VERSION = 6.0;
			};
			name = Release;
		};
		19E7CAE26D9D9F1E26890E32 /* Debug */ = {
			isa = XCBuildConfiguration;
			buildSettings = {
				ALWAYS_SEARCH_USER_PATHS = NO;
				CLANG_ANALYZER_NONNULL = YES;
				CLANG_ANALYZER_NUMBER_OBJECT_CONVERSION = YES_AGGRESSIVE;
				CLANG_CXX_LANGUAGE_STANDARD = "gnu++14";
				CLANG_CXX_LIBRARY = "libc++";
				CLANG_ENABLE_MODULES = YES;
				CLANG_ENABLE_OBJC_ARC = YES;
				CLANG_ENABLE_OBJC_WEAK = YES;
				CLANG_WARN_BLOCK_CAPTURE_AUTORELEASING = YES;
				CLANG_WARN_BOOL_CONVERSION = YES;
				CLANG_WARN_COMMA = YES;
				CLANG_WARN_CONSTANT_CONVERSION = YES;
				CLANG_WARN_DEPRECATED_OBJC_IMPLEMENTATIONS = YES;
				CLANG_WARN_DIRECT_OBJC_ISA_USAGE = YES_ERROR;
				CLANG_WARN_DOCUMENTATION_COMMENTS = YES;
				CLANG_WARN_EMPTY_BODY = YES;
				CLANG_WARN_ENUM_CONVERSION = YES;
				CLANG_WARN_INFINITE_RECURSION = YES;
				CLANG_WARN_INT_CONVERSION = YES;
				CLANG_WARN_NON_LITERAL_NULL_CONVERSION = YES;
				CLANG_WARN_OBJC_IMPLICIT_RETAIN_SELF = YES;
				CLANG_WARN_OBJC_LITERAL_CONVERSION = YES;
				CLANG_WARN_OBJC_ROOT_CLASS = YES_ERROR;
				CLANG_WARN_QUOTED_INCLUDE_IN_FRAMEWORK_HEADER = YES;
				CLANG_WARN_RANGE_LOOP_ANALYSIS = YES;
				CLANG_WARN_STRICT_PROTOTYPES = YES;
				CLANG_WARN_SUSPICIOUS_MOVE = YES;
				CLANG_WARN_UNGUARDED_AVAILABILITY = YES_AGGRESSIVE;
				CLANG_WARN_UNREACHABLE_CODE = YES;
				CLANG_WARN__DUPLICATE_METHOD_MATCH = YES;
				COPY_PHASE_STRIP = NO;
				DEBUG_INFORMATION_FORMAT = dwarf;
				ENABLE_STRICT_OBJC_MSGSEND = YES;
				ENABLE_TESTABILITY = YES;
				ENABLE_USER_SCRIPT_SANDBOXING = NO;
				GCC_C_LANGUAGE_STANDARD = gnu11;
				GCC_DYNAMIC_NO_PIC = NO;
				GCC_NO_COMMON_BLOCKS = YES;
				GCC_OPTIMIZATION_LEVEL = 0;
				GCC_PREPROCESSOR_DEFINITIONS = (
					"$(inherited)",
					"DEBUG=1",
				);
				GCC_WARN_64_TO_32_BIT_CONVERSION = YES;
				GCC_WARN_ABOUT_RETURN_TYPE = YES_ERROR;
				GCC_WARN_UNDECLARED_SELECTOR = YES;
				GCC_WARN_UNINITIALIZED_AUTOS = YES_AGGRESSIVE;
				GCC_WARN_UNUSED_FUNCTION = YES;
				GCC_WARN_UNUSED_VARIABLE = YES;
				MACOSX_DEPLOYMENT_TARGET = 14.0;
				MTL_ENABLE_DEBUG_INFO = INCLUDE_SOURCE;
				MTL_FAST_MATH = YES;
				ONLY_ACTIVE_ARCH = YES;
				PRODUCT_NAME = "$(TARGET_NAME)";
				SDKROOT = macosx;
				SWIFT_ACTIVE_COMPILATION_CONDITIONS = DEBUG;
				SWIFT_OPTIMIZATION_LEVEL = "-Onone";
				SWIFT_VERSION = 6.0;
			};
			name = Debug;
		};
		304417019B340B6AA41E0991 /* Debug */ = {
			isa = XCBuildConfiguration;
			buildSettings = {
				BUNDLE_LOADER = "$(TEST_HOST)";
				COMBINE_HIDPI_IMAGES = YES;
				GENERATE_INFOPLIST_FILE = YES;
				LD_RUNPATH_SEARCH_PATHS = (
					"$(inherited)",
					"@executable_path/../Frameworks",
					"@loader_path/../Frameworks",
				);
				PRODUCT_BUNDLE_IDENTIFIER = app.mailgent.MailGentTests;
				SDKROOT = macosx;
				TEST_HOST = "$(BUILT_PRODUCTS_DIR)/MailGent.app/Contents/MacOS/MailGent";
			};
			name = Debug;
		};
		4E9A5E0873183D7FE3A603F2 /* Release */ = {
			isa = XCBuildConfiguration;
			buildSettings = {
				ASSETCATALOG_COMPILER_APPICON_NAME = AppIcon;
				CODE_SIGN_ENTITLEMENTS = MailGent/MailGent.entitlements;
				CODE_SIGN_STYLE = Automatic;
				COMBINE_HIDPI_IMAGES = YES;
				CURRENT_PROJECT_VERSION = 2;
				ENABLE_APP_SANDBOX = NO;
				ENABLE_HARDENED_RUNTIME = YES;
				GENERATE_INFOPLIST_FILE = YES;
				INFOPLIST_KEY_CFBundleDisplayName = MailGent;
				INFOPLIST_KEY_CFBundleIconFile = AppIcon;
				INFOPLIST_KEY_CFBundleIconName = AppIcon;
				INFOPLIST_KEY_LSApplicationCategoryType = "public.app-category.productivity";
				INFOPLIST_KEY_LSUIElement = YES;
				INFOPLIST_KEY_NSHumanReadableCopyright = "Copyright © 2026";
				INFOPLIST_KEY_NSPrincipalClass = MailGentApplication;
				LD_RUNPATH_SEARCH_PATHS = (
					"$(inherited)",
					"@executable_path/../Frameworks",
				);
				MARKETING_VERSION = 0.1.1;
				PRODUCT_BUNDLE_IDENTIFIER = app.mailgent.MailGent;
				SDKROOT = macosx;
			};
			name = Release;
		};
		61F380ABBAFD3147A1E9ECE9 /* Debug */ = {
			isa = XCBuildConfiguration;
			buildSettings = {
				BUNDLE_LOADER = "$(TEST_HOST)";
				COMBINE_HIDPI_IMAGES = YES;
				GENERATE_INFOPLIST_FILE = YES;
				LD_RUNPATH_SEARCH_PATHS = (
					"$(inherited)",
					"@executable_path/../Frameworks",
					"@loader_path/../Frameworks",
				);
				PRODUCT_BUNDLE_IDENTIFIER = app.mailgent.MailStoreTests;
				SDKROOT = macosx;
			};
			name = Debug;
		};
		631A003EB0AC05CF42274376 /* Debug */ = {
			isa = XCBuildConfiguration;
			buildSettings = {
				ASSETCATALOG_COMPILER_APPICON_NAME = AppIcon;
				CODE_SIGN_ENTITLEMENTS = MailGent/MailGent.entitlements;
				CODE_SIGN_STYLE = Automatic;
				COMBINE_HIDPI_IMAGES = YES;
				CURRENT_PROJECT_VERSION = 2;
				ENABLE_APP_SANDBOX = NO;
				ENABLE_HARDENED_RUNTIME = YES;
				GENERATE_INFOPLIST_FILE = YES;
				INFOPLIST_KEY_CFBundleDisplayName = MailGent;
				INFOPLIST_KEY_CFBundleIconFile = AppIcon;
				INFOPLIST_KEY_CFBundleIconName = AppIcon;
				INFOPLIST_KEY_LSApplicationCategoryType = "public.app-category.productivity";
				INFOPLIST_KEY_LSUIElement = YES;
				INFOPLIST_KEY_NSHumanReadableCopyright = "Copyright © 2026";
				INFOPLIST_KEY_NSPrincipalClass = MailGentApplication;
				LD_RUNPATH_SEARCH_PATHS = (
					"$(inherited)",
					"@executable_path/../Frameworks",
				);
				MARKETING_VERSION = 0.1.1;
				PRODUCT_BUNDLE_IDENTIFIER = app.mailgent.MailGent;
				SDKROOT = macosx;
			};
			name = Debug;
		};
		6575F318237DF44C0C062760 /* Release */ = {
			isa = XCBuildConfiguration;
			buildSettings = {
				COMBINE_HIDPI_IMAGES = YES;
				GENERATE_INFOPLIST_FILE = YES;
				LD_RUNPATH_SEARCH_PATHS = (
					"$(inherited)",
					"@executable_path/../Frameworks",
				);
				OTHER_LDFLAGS = (
					"$(inherited)",
					"-lsqlite3",
				);
				PRODUCT_BUNDLE_IDENTIFIER = app.mailgent.AccountIdentityPrototype;
				SDKROOT = macosx;
			};
			name = Release;
		};
		E710D6126AB2B35810AC169E /* Release */ = {
			isa = XCBuildConfiguration;
			buildSettings = {
				CODE_SIGN_IDENTITY = "";
				COMBINE_HIDPI_IMAGES = YES;
				CURRENT_PROJECT_VERSION = 1;
				DEFINES_MODULE = YES;
				DYLIB_COMPATIBILITY_VERSION = 1;
				DYLIB_CURRENT_VERSION = 1;
				DYLIB_INSTALL_NAME_BASE = "@rpath";
				GENERATE_INFOPLIST_FILE = YES;
				INSTALL_PATH = "$(LOCAL_LIBRARY_DIR)/Frameworks";
				LD_RUNPATH_SEARCH_PATHS = (
					"$(inherited)",
					"@executable_path/../Frameworks",
				);
				MACH_O_TYPE = mh_dylib;
				OTHER_LDFLAGS = (
					"$(inherited)",
					"-lsqlite3",
				);
				PRODUCT_BUNDLE_IDENTIFIER = app.mailgent.MailStore;
				SDKROOT = macosx;
				SKIP_INSTALL = YES;
				VERSIONING_SYSTEM = "apple-generic";
			};
			name = Release;
		};
		E9747106188620132D63F68C /* Debug */ = {
			isa = XCBuildConfiguration;
			buildSettings = {
				COMBINE_HIDPI_IMAGES = YES;
				GENERATE_INFOPLIST_FILE = YES;
				LD_RUNPATH_SEARCH_PATHS = (
					"$(inherited)",
					"@executable_path/../Frameworks",
				);
				OTHER_LDFLAGS = (
					"$(inherited)",
					"-lsqlite3",
				);
				PRODUCT_BUNDLE_IDENTIFIER = app.mailgent.AccountIdentityPrototype;
				SDKROOT = macosx;
			};
			name = Debug;
		};
		F4D93FFA3204F7A5D1CC550C /* Debug */ = {
			isa = XCBuildConfiguration;
			buildSettings = {
				CODE_SIGN_IDENTITY = "";
				COMBINE_HIDPI_IMAGES = YES;
				CURRENT_PROJECT_VERSION = 1;
				DEFINES_MODULE = YES;
				DYLIB_COMPATIBILITY_VERSION = 1;
				DYLIB_CURRENT_VERSION = 1;
				DYLIB_INSTALL_NAME_BASE = "@rpath";
				GENERATE_INFOPLIST_FILE = YES;
				INSTALL_PATH = "$(LOCAL_LIBRARY_DIR)/Frameworks";
				LD_RUNPATH_SEARCH_PATHS = (
					"$(inherited)",
					"@executable_path/../Frameworks",
				);
				MACH_O_TYPE = mh_dylib;
				OTHER_LDFLAGS = (
					"$(inherited)",
					"-lsqlite3",
				);
				PRODUCT_BUNDLE_IDENTIFIER = app.mailgent.MailStore;
				SDKROOT = macosx;
				SKIP_INSTALL = YES;
				VERSIONING_SYSTEM = "apple-generic";
			};
			name = Debug;
		};
		F5D1DD8A54F8E29FFF7D54B3 /* Release */ = {
			isa = XCBuildConfiguration;
			buildSettings = {
				BUNDLE_LOADER = "$(TEST_HOST)";
				COMBINE_HIDPI_IMAGES = YES;
				GENERATE_INFOPLIST_FILE = YES;
				LD_RUNPATH_SEARCH_PATHS = (
					"$(inherited)",
					"@executable_path/../Frameworks",
					"@loader_path/../Frameworks",
				);
				PRODUCT_BUNDLE_IDENTIFIER = app.mailgent.MailGentTests;
				SDKROOT = macosx;
				TEST_HOST = "$(BUILT_PRODUCTS_DIR)/MailGent.app/Contents/MacOS/MailGent";
			};
			name = Release;
		};
		F823A7E98AB917FF2582CBC5 /* Release */ = {
			isa = XCBuildConfiguration;
			buildSettings = {
				BUNDLE_LOADER = "$(TEST_HOST)";
				COMBINE_HIDPI_IMAGES = YES;
				GENERATE_INFOPLIST_FILE = YES;
				LD_RUNPATH_SEARCH_PATHS = (
					"$(inherited)",
					"@executable_path/../Frameworks",
					"@loader_path/../Frameworks",
				);
				PRODUCT_BUNDLE_IDENTIFIER = app.mailgent.MailStoreTests;
				SDKROOT = macosx;
			};
			name = Release;
		};
/* End XCBuildConfiguration section */

/* Begin XCConfigurationList section */
		059CD690D97318ACCF229A66 /* Build configuration list for PBXNativeTarget "MailStoreTests" */ = {
			isa = XCConfigurationList;
			buildConfigurations = (
				61F380ABBAFD3147A1E9ECE9 /* Debug */,
				F823A7E98AB917FF2582CBC5 /* Release */,
			);
			defaultConfigurationIsVisible = 0;
			defaultConfigurationName = Debug;
		};
		50F98B03DB689270845C993B /* Build configuration list for PBXNativeTarget "MailGent" */ = {
			isa = XCConfigurationList;
			buildConfigurations = (
				631A003EB0AC05CF42274376 /* Debug */,
				4E9A5E0873183D7FE3A603F2 /* Release */,
			);
			defaultConfigurationIsVisible = 0;
			defaultConfigurationName = Debug;
		};
		5611FFE133D7938524F9FA35 /* Build configuration list for PBXProject "MailGent" */ = {
			isa = XCConfigurationList;
			buildConfigurations = (
				19E7CAE26D9D9F1E26890E32 /* Debug */,
				13EB34BDC128CF60A4CBEFA9 /* Release */,
			);
			defaultConfigurationIsVisible = 0;
			defaultConfigurationName = Debug;
		};
		587802A6EB7E377C7FFC2A8F /* Build configuration list for PBXNativeTarget "MailGentTests" */ = {
			isa = XCConfigurationList;
			buildConfigurations = (
				304417019B340B6AA41E0991 /* Debug */,
				F5D1DD8A54F8E29FFF7D54B3 /* Release */,
			);
			defaultConfigurationIsVisible = 0;
			defaultConfigurationName = Debug;
		};
		688420050E4FC75396E76534 /* Build configuration list for PBXNativeTarget "MailStore" */ = {
			isa = XCConfigurationList;
			buildConfigurations = (
				F4D93FFA3204F7A5D1CC550C /* Debug */,
				E710D6126AB2B35810AC169E /* Release */,
			);
			defaultConfigurationIsVisible = 0;
			defaultConfigurationName = Debug;
		};
		E41585C95210BB9CE043812A /* Build configuration list for PBXNativeTarget "AccountIdentityPrototype" */ = {
			isa = XCConfigurationList;
			buildConfigurations = (
				E9747106188620132D63F68C /* Debug */,
				6575F318237DF44C0C062760 /* Release */,
			);
			defaultConfigurationIsVisible = 0;
			defaultConfigurationName = Debug;
		};
/* End XCConfigurationList section */
	};
	rootObject = C44C0CEA5E9E09D381DF4BB6 /* Project object */;
}
